github.com/akamensky/argparse v1.3.1 h1:kP6+OyvR0fuBH6UhbE6yh/nskrDEIQgEA1SUXDPjx4g=
github.com/akamensky/argparse v1.3.1/go.mod h1:S5kwC7IuDcEr5VeXtGPRVZ5o/FdhcMlQz4IZQuw64xA=
github.com/brandonplank/PlankCore v0.0.0-20211118214833-d0e568acd3fb h1:aGX8bKc98dqn0ROIDjDhTayu9OVvVImmAGkQvRxnRto=
github.com/brandonplank/PlankCore v0.0.0-20211118214833-d0e568acd3fb/go.mod h1:QZGs63gZYtgTkMIeFRSdv+FcBtsqwfmmxJWMLSTl9qA=
