{
  "object": {
    "pins": [
      {
        "package": "CryptoSwift",
        "repositoryURL": "https://github.com/krzyzanowskim/CryptoSwift.git",
        "state": {
          "branch": null,
          "revision": "8d4f6384e0a8cc41f2005247241dd553963a492a",
          "version": "1.4.1"
        }
      },
      {
        "package": "Nimble",
        "repositoryURL": "https://github.com/Quick/Nimble",
        "state": {
          "branch": null,
          "revision": "e9d769113660769a4d9dd3afb855562c0b7ae7b0",
          "version": "7.3.4"
        }
      },
      {
        "package": "PlankCore",
        "repositoryURL": "https://github.com/Plank-Software/PlankCore",
        "state": {
          "branch": "main",
          "revision": "75c2e91d0255b496d34a8ac991e9f02d4a340647",
          "version": null
        }
      },
      {
        "package": "Quick",
        "repositoryURL": "https://github.com/Quick/Quick",
        "state": {
          "branch": "main",
          "revision": "cce35d2c0a1c71b9d80268f894056cfa4ba47810",
          "version": null
        }
      },
      {
        "package": "swift-argument-parser",
        "repositoryURL": "https://github.com/apple/swift-argument-parser",
        "state": {
          "branch": null,
          "revision": "986d191f94cec88f6350056da59c2e59e83d1229",
          "version": "0.4.3"
        }
      },
      {
        "package": "Swime",
        "repositoryURL": "https://github.com/brandonplank/Swime",
        "state": {
          "branch": "master",
          "revision": "aa37493c2c9c17262242fc1d49001560085117f9",
          "version": null
        }
      }
    ]
  },
  "version": 1
}
